
Microsoft Visual Studio Solution File, Format Version 12.00
# Visual Studio Version 16
VisualStudioVersion = 16.0.31515.178
MinimumVisualStudioVersion = 10.0.40219.1
Project("{FAE04EC0-301F-11D3-BF4B-00C04F79EFBC}") = "Restsharp_spotifyapp", "Restsharp_spotifyapp\Restsharp_spotifyapp.csproj", "{70BE6EA5-B44C-4CB6-809D-8AED0495A41C}"
EndProject
Project("{2150E333-8FDC-42A3-9474-1A3956D46DE8}") = "RestPutEndPoint", "RestPutEndPoint", "{175AAD64-BE58-49BA-B887-376EA13EB557}"
EndProject
Global
	GlobalSection(SolutionConfigurationPlatforms) = preSolution
		Debug|Any CPU = Debug|Any CPU
		Release|Any CPU = Release|Any CPU
	EndGlobalSection
	GlobalSection(ProjectConfigurationPlatforms) = postSolution
		{70BE6EA5-B44C-4CB6-809D-8AED0495A41C}.Debug|Any CPU.ActiveCfg = Debug|Any CPU
		{70BE6EA5-B44C-4CB6-809D-8AED0495A41C}.Debug|Any CPU.Build.0 = Debug|Any CPU
		{70BE6EA5-B44C-4CB6-809D-8AED0495A41C}.Release|Any CPU.ActiveCfg = Release|Any CPU
		{70BE6EA5-B44C-4CB6-809D-8AED0495A41C}.Release|Any CPU.Build.0 = Release|Any CPU
	EndGlobalSection
	GlobalSection(SolutionProperties) = preSolution
		HideSolutionNode = FALSE
	EndGlobalSection
	GlobalSection(ExtensibilityGlobals) = postSolution
		SolutionGuid = {2C5FFC24-569A-4B56-B6D9-6EF212B36868}
	EndGlobalSection
EndGlobal
